
Microsoft Visual Studio Solution File, Format Version 12.00
# Visual Studio Version 17
VisualStudioVersion = 17.10.34916.146
MinimumVisualStudioVersion = 10.0.40219.1
Project("{FAE04EC0-301F-11D3-BF4B-00C04F79EFBC}") = "UrbanWear", "UrbanWear.csproj", "{201D8D10-EFEF-4A91-9554-83C6EBB1FDC2}"
EndProject
Global
	GlobalSection(SolutionConfigurationPlatforms) = preSolution
		Debug|Any CPU = Debug|Any CPU
		Release|Any CPU = Release|Any CPU
	EndGlobalSection
	GlobalSection(ProjectConfigurationPlatforms) = postSolution
		{201D8D10-EFEF-4A91-9554-83C6EBB1FDC2}.Debug|Any CPU.ActiveCfg = Debug|Any CPU
		{201D8D10-EFEF-4A91-9554-83C6EBB1FDC2}.Debug|Any CPU.Build.0 = Debug|Any CPU
		{201D8D10-EFEF-4A91-9554-83C6EBB1FDC2}.Release|Any CPU.ActiveCfg = Release|Any CPU
		{201D8D10-EFEF-4A91-9554-83C6EBB1FDC2}.Release|Any CPU.Build.0 = Release|Any CPU
	EndGlobalSection
	GlobalSection(SolutionProperties) = preSolution
		HideSolutionNode = FALSE
	EndGlobalSection
	GlobalSection(ExtensibilityGlobals) = postSolution
		SolutionGuid = {9D8D940B-6CB1-4BA7-88E3-7091009BD45B}
	EndGlobalSection
EndGlobal
